# THIS IS AN AUTOGENERATED FILE. DO NOT EDIT THIS FILE DIRECTLY.
# yarn lockfile v1


"@assemblyscript/loader@^0.16.1":
  version "0.16.1"
  resolved "https://registry.yarnpkg.com/@assemblyscript/loader/-/loader-0.16.1.tgz#6a8592bed23fae80a77b3d3c4eb33e69fe840ba6"
  integrity sha512-fx6wEDH/NgvNYYrkGZnHaguFa73KUD2Pt42UCIlWNumHr9Vp2gnKH2+neOKNlTBFVrwIrMs9KlUYqDC6v/kh1A==

as-base64@^0.1.1:
  version "0.1.1"
  resolved "https://registry.yarnpkg.com/as-base64/-/as-base64-0.1.1.tgz#64739407f838a9a848e102ac5cd5549c98bfd2f6"
  integrity sha512-jsqYYwBsDH7YLUfrWAIYA001sgesO2yqKxzAvGIyVWTnw4oiE26Q20RHV8q0U268gkRKkGfJdoYmN+ivGK7yew==

assemblyscript-json@^0.3.3:
  version "0.3.3"
  resolved "https://registry.yarnpkg.com/assemblyscript-json/-/assemblyscript-json-0.3.3.tgz#cc2d05d432d5df290768c51f72a1f00ff8b52a0d"
  integrity sha512-TTYZK3rbfan7w5i0lv7bZS4rlXNDe8r/38kjzrQqF6dJaSE/fqSJOnpHsiBTtRgwkLRPL0NAen7ItD/3j9I6eg==

assemblyscript@^0.16.1:
  version "0.16.1"
  resolved "https://registry.yarnpkg.com/assemblyscript/-/assemblyscript-0.16.1.tgz#85caa1b427b4b27f7e9fcc8b08cff70262332c3e"
  integrity sha512-btb/Q2cs42O7NaVRLDpUIb4fF+o4H4id0kjOOOzS25KCOx0voiyGBeWYqfnrOeufMQacvDNqGkjJuGkdTJIrQQ==
  dependencies:
    binaryen "97.0.0-nightly.20201008"
    long "^4.0.0"

binaryen@97.0.0-nightly.20201008:
  version "97.0.0-nightly.20201008"
  resolved "https://registry.yarnpkg.com/binaryen/-/binaryen-97.0.0-nightly.20201008.tgz#b9dc6fa3b92b764b66956d079190b48d2e22065f"
  integrity sha512-GWV30FOQqz+vBIZRbc7GSasLNhh8BNLKH+2u2j5BjqM0WOEqqaP5iSj0mq72We2aVYqpBajJPI/CORY6o2RBxA==

long@^4.0.0:
  version "4.0.0"
  resolved "https://registry.yarnpkg.com/long/-/long-4.0.0.tgz#9a7b71cfb7d361a194ea555241c92f7468d5bf28"
  integrity sha512-XsP+KhQif4bjX1kbuSiySJFNAehNxgLb6hPRGJ9QsUr8ajHkuXGdrHmFUTUUXhDwVX2R5bY4JNZEwbUiMhV+MA==
